// !$*UTF8*$!
{
	archiveVersion = 1;
	classes = {
	};
	objectVersion = 50;
	objects = {

/* Begin PBXBuildFile section */
		119FA77150169F0C2C03CA35 /* libPods-SwiftUIAirtableDemo.a in Frameworks */ = {isa = PBXBuildFile; fileRef = 0CDBDC5C439303512B737AC2 /* libPods-SwiftUIAirtableDemo.a */; };
		514DBAD9246474AC00E9B03F /* UIComponent.swift in Sources */ = {isa = PBXBuildFile; fileRef = 514DBAD8246474AC00E9B03F /* UIComponent.swift */; };
		514DBADB246474FE00E9B03F /* AirtableUIModel.swift in Sources */ = {isa = PBXBuildFile; fileRef = 514DBADA246474FE00E9B03F /* AirtableUIModel.swift */; };
		514DBADD2464752700E9B03F /* View+Extensions.swift in Sources */ = {isa = PBXBuildFile; fileRef = 514DBADC2464752700E9B03F /* View+Extensions.swift */; };
		514DBADF2464754800E9B03F /* HiComponent+View.swift in Sources */ = {isa = PBXBuildFile; fileRef = 514DBADE2464754800E9B03F /* HiComponent+View.swift */; };
		514DBAE1246475BA00E9B03F /* ByeComponent+View.swift in Sources */ = {isa = PBXBuildFile; fileRef = 514DBAE0246475BA00E9B03F /* ByeComponent+View.swift */; };
		514DBAE32464760E00E9B03F /* MiddleComponent+View.swift in Sources */ = {isa = PBXBuildFile; fileRef = 514DBAE22464760E00E9B03F /* MiddleComponent+View.swift */; };
		514DBAE52464767400E9B03F /* SettingsComponent+View.swift in Sources */ = {isa = PBXBuildFile; fileRef = 514DBAE42464767400E9B03F /* SettingsComponent+View.swift */; };
		51C2FF6F2463023A00A271F0 /* AppDelegate.swift in Sources */ = {isa = PBXBuildFile; fileRef = 51C2FF6E2463023A00A271F0 /* AppDelegate.swift */; };
		51C2FF712463023A00A271F0 /* SceneDelegate.swift in Sources */ = {isa = PBXBuildFile; fileRef = 51C2FF702463023A00A271F0 /* SceneDelegate.swift */; };
		51C2FF732463023A00A271F0 /* HomeView.swift in Sources */ = {isa = PBXBuildFile; fileRef = 51C2FF722463023A00A271F0 /* HomeView.swift */; };
		51C2FF752463023B00A271F0 /* Assets.xcassets in Resources */ = {isa = PBXBuildFile; fileRef = 51C2FF742463023B00A271F0 /* Assets.xcassets */; };
		51C2FF782463023B00A271F0 /* Preview Assets.xcassets in Resources */ = {isa = PBXBuildFile; fileRef = 51C2FF772463023B00A271F0 /* Preview Assets.xcassets */; };
		51C2FF7B2463023B00A271F0 /* LaunchScreen.storyboard in Resources */ = {isa = PBXBuildFile; fileRef = 51C2FF792463023B00A271F0 /* LaunchScreen.storyboard */; };
		51C2FF84246302A300A271F0 /* Tag.swift in Sources */ = {isa = PBXBuildFile; fileRef = 51C2FF83246302A300A271F0 /* Tag.swift */; };
		51C2FF86246304B800A271F0 /* Content.swift in Sources */ = {isa = PBXBuildFile; fileRef = 51C2FF85246304B800A271F0 /* Content.swift */; };
		51C2FF88246304D900A271F0 /* Category.swift in Sources */ = {isa = PBXBuildFile; fileRef = 51C2FF87246304D900A271F0 /* Category.swift */; };
		51C2FF8B246304FE00A271F0 /* AirtableService.swift in Sources */ = {isa = PBXBuildFile; fileRef = 51C2FF8A246304FE00A271F0 /* AirtableService.swift */; };
		51C2FF8D2463085600A271F0 /* DetailView.swift in Sources */ = {isa = PBXBuildFile; fileRef = 51C2FF8C2463085600A271F0 /* DetailView.swift */; };
		51C2FF8F2463086000A271F0 /* AppState.swift in Sources */ = {isa = PBXBuildFile; fileRef = 51C2FF8E2463086000A271F0 /* AppState.swift */; };
/* End PBXBuildFile section */

/* Begin PBXFileReference section */
		0CDBDC5C439303512B737AC2 /* libPods-SwiftUIAirtableDemo.a */ = {isa = PBXFileReference; explicitFileType = archive.ar; includeInIndex = 0; path = "libPods-SwiftUIAirtableDemo.a"; sourceTree = BUILT_PRODUCTS_DIR; };
		514DBAD8246474AC00E9B03F /* UIComponent.swift */ = {isa = PBXFileReference; lastKnownFileType = sourcecode.swift; path = UIComponent.swift; sourceTree = "<group>"; };
		514DBADA246474FE00E9B03F /* AirtableUIModel.swift */ = {isa = PBXFileReference; lastKnownFileType = sourcecode.swift; path = AirtableUIModel.swift; sourceTree = "<group>"; };
		514DBADC2464752700E9B03F /* View+Extensions.swift */ = {isa = PBXFileReference; lastKnownFileType = sourcecode.swift; path = "View+Extensions.swift"; sourceTree = "<group>"; };
		514DBADE2464754800E9B03F /* HiComponent+View.swift */ = {isa = PBXFileReference; lastKnownFileType = sourcecode.swift; path = "HiComponent+View.swift"; sourceTree = "<group>"; };
		514DBAE0246475BA00E9B03F /* ByeComponent+View.swift */ = {isa = PBXFileReference; lastKnownFileType = sourcecode.swift; path = "ByeComponent+View.swift"; sourceTree = "<group>"; };
		514DBAE22464760E00E9B03F /* MiddleComponent+View.swift */ = {isa = PBXFileReference; lastKnownFileType = sourcecode.swift; path = "MiddleComponent+View.swift"; sourceTree = "<group>"; };
		514DBAE42464767400E9B03F /* SettingsComponent+View.swift */ = {isa = PBXFileReference; lastKnownFileType = sourcecode.swift; path = "SettingsComponent+View.swift"; sourceTree = "<group>"; };
		51C2FF6B2463023A00A271F0 /* SwiftUIAirtableDemo.app */ = {isa = PBXFileReference; explicitFileType = wrapper.application; includeInIndex = 0; path = SwiftUIAirtableDemo.app; sourceTree = BUILT_PRODUCTS_DIR; };
		51C2FF6E2463023A00A271F0 /* AppDelegate.swift */ = {isa = PBXFileReference; lastKnownFileType = sourcecode.swift; path = AppDelegate.swift; sourceTree = "<group>"; };
		51C2FF702463023A00A271F0 /* SceneDelegate.swift */ = {isa = PBXFileReference; lastKnownFileType = sourcecode.swift; path = SceneDelegate.swift; sourceTree = "<group>"; };
		51C2FF722463023A00A271F0 /* HomeView.swift */ = {isa = PBXFileReference; lastKnownFileType = sourcecode.swift; path = HomeView.swift; sourceTree = "<group>"; };
		51C2FF742463023B00A271F0 /* Assets.xcassets */ = {isa = PBXFileReference; lastKnownFileType = folder.assetcatalog; path = Assets.xcassets; sourceTree = "<group>"; };
		51C2FF772463023B00A271F0 /* Preview Assets.xcassets */ = {isa = PBXFileReference; lastKnownFileType = folder.assetcatalog; path = "Preview Assets.xcassets"; sourceTree = "<group>"; };
		51C2FF7A2463023B00A271F0 /* Base */ = {isa = PBXFileReference; lastKnownFileType = file.storyboard; name = Base; path = Base.lproj/LaunchScreen.storyboard; sourceTree = "<group>"; };
		51C2FF7C2463023B00A271F0 /* Info.plist */ = {isa = PBXFileReference; lastKnownFileType = text.plist.xml; path = Info.plist; sourceTree = "<group>"; };
		51C2FF83246302A300A271F0 /* Tag.swift */ = {isa = PBXFileReference; lastKnownFileType = sourcecode.swift; path = Tag.swift; sourceTree = "<group>"; };
		51C2FF85246304B800A271F0 /* Content.swift */ = {isa = PBXFileReference; lastKnownFileType = sourcecode.swift; path = Content.swift; sourceTree = "<group>"; };
		51C2FF87246304D900A271F0 /* Category.swift */ = {isa = PBXFileReference; lastKnownFileType = sourcecode.swift; path = Category.swift; sourceTree = "<group>"; };
		51C2FF8A246304FE00A271F0 /* AirtableService.swift */ = {isa = PBXFileReference; lastKnownFileType = sourcecode.swift; path = AirtableService.swift; sourceTree = "<group>"; };
		51C2FF8C2463085600A271F0 /* DetailView.swift */ = {isa = PBXFileReference; lastKnownFileType = sourcecode.swift; path = DetailView.swift; sourceTree = "<group>"; };
		51C2FF8E2463086000A271F0 /* AppState.swift */ = {isa = PBXFileReference; lastKnownFileType = sourcecode.swift; path = AppState.swift; sourceTree = "<group>"; };
		9565DF3FE0710D3C9C385AE8 /* Pods-SwiftUIAirtableDemo.debug.xcconfig */ = {isa = PBXFileReference; includeInIndex = 1; lastKnownFileType = text.xcconfig; name = "Pods-SwiftUIAirtableDemo.debug.xcconfig"; path = "Target Support Files/Pods-SwiftUIAirtableDemo/Pods-SwiftUIAirtableDemo.debug.xcconfig"; sourceTree = "<group>"; };
		EE99E053D75A728038B78412 /* Pods-SwiftUIAirtableDemo.release.xcconfig */ = {isa = PBXFileReference; includeInIndex = 1; lastKnownFileType = text.xcconfig; name = "Pods-SwiftUIAirtableDemo.release.xcconfig"; path = "Target Support Files/Pods-SwiftUIAirtableDemo/Pods-SwiftUIAirtableDemo.release.xcconfig"; sourceTree = "<group>"; };
/* End PBXFileReference section */

/* Begin PBXFrameworksBuildPhase section */
		51C2FF682463023A00A271F0 /* Frameworks */ = {
			isa = PBXFrameworksBuildPhase;
			buildActionMask = 2147483647;
			files = (
				119FA77150169F0C2C03CA35 /* libPods-SwiftUIAirtableDemo.a in Frameworks */,
			);
			runOnlyForDeploymentPostprocessing = 0;
		};
/* End PBXFrameworksBuildPhase section */

/* Begin PBXGroup section */
		2E1C5FE6F958F29C0FBF20BA /* Pods */ = {
			isa = PBXGroup;
			children = (
				9565DF3FE0710D3C9C385AE8 /* Pods-SwiftUIAirtableDemo.debug.xcconfig */,
				EE99E053D75A728038B78412 /* Pods-SwiftUIAirtableDemo.release.xcconfig */,
			);
			path = Pods;
			sourceTree = "<group>";
		};
		514DBAE6246476E200E9B03F /* Components and Subviews */ = {
			isa = PBXGroup;
			children = (
				514DBADE2464754800E9B03F /* HiComponent+View.swift */,
				514DBAE0246475BA00E9B03F /* ByeComponent+View.swift */,
				514DBAE22464760E00E9B03F /* MiddleComponent+View.swift */,
				514DBAE42464767400E9B03F /* SettingsComponent+View.swift */,
			);
			path = "Components and Subviews";
			sourceTree = "<group>";
		};
		514DBAE7246477CE00E9B03F /* Common */ = {
			isa = PBXGroup;
			children = (
				514DBADC2464752700E9B03F /* View+Extensions.swift */,
				514DBADA246474FE00E9B03F /* AirtableUIModel.swift */,
				514DBAD8246474AC00E9B03F /* UIComponent.swift */,
			);
			path = Common;
			sourceTree = "<group>";
		};
		51C2FF622463023A00A271F0 = {
			isa = PBXGroup;
			children = (
				51C2FF6D2463023A00A271F0 /* SwiftUIAirtableDemo */,
				51C2FF6C2463023A00A271F0 /* Products */,
				2E1C5FE6F958F29C0FBF20BA /* Pods */,
				98A5EAD8AB51362853A243A9 /* Frameworks */,
			);
			sourceTree = "<group>";
		};
		51C2FF6C2463023A00A271F0 /* Products */ = {
			isa = PBXGroup;
			children = (
				51C2FF6B2463023A00A271F0 /* SwiftUIAirtableDemo.app */,
			);
			name = Products;
			sourceTree = "<group>";
		};
		51C2FF6D2463023A00A271F0 /* SwiftUIAirtableDemo */ = {
			isa = PBXGroup;
			children = (
				514DBAE7246477CE00E9B03F /* Common */,
				514DBAE6246476E200E9B03F /* Components and Subviews */,
				51C2FF822463028B00A271F0 /* Models */,
				51C2FF89246304F200A271F0 /* Services */,
				51C2FF6E2463023A00A271F0 /* AppDelegate.swift */,
				51C2FF702463023A00A271F0 /* SceneDelegate.swift */,
				51C2FF722463023A00A271F0 /* HomeView.swift */,
				51C2FF8C2463085600A271F0 /* DetailView.swift */,
				51C2FF742463023B00A271F0 /* Assets.xcassets */,
				51C2FF792463023B00A271F0 /* LaunchScreen.storyboard */,
				51C2FF7C2463023B00A271F0 /* Info.plist */,
				51C2FF762463023B00A271F0 /* Preview Content */,
			);
			path = SwiftUIAirtableDemo;
			sourceTree = "<group>";
		};
		51C2FF762463023B00A271F0 /* Preview Content */ = {
			isa = PBXGroup;
			children = (
				51C2FF772463023B00A271F0 /* Preview Assets.xcassets */,
			);
			path = "Preview Content";
			sourceTree = "<group>";
		};
		51C2FF822463028B00A271F0 /* Models */ = {
			isa = PBXGroup;
			children = (
				51C2FF8E2463086000A271F0 /* AppState.swift */,
				51C2FF87246304D900A271F0 /* Category.swift */,
				51C2FF85246304B800A271F0 /* Content.swift */,
				51C2FF83246302A300A271F0 /* Tag.swift */,
			);
			path = Models;
			sourceTree = "<group>";
		};
		51C2FF89246304F200A271F0 /* Services */ = {
			isa = PBXGroup;
			children = (
				51C2FF8A246304FE00A271F0 /* AirtableService.swift */,
			);
			path = Services;
			sourceTree = "<group>";
		};
		98A5EAD8AB51362853A243A9 /* Frameworks */ = {
			isa = PBXGroup;
			children = (
				0CDBDC5C439303512B737AC2 /* libPods-SwiftUIAirtableDemo.a */,
			);
			name = Frameworks;
			sourceTree = "<group>";
		};
/* End PBXGroup section */

/* Begin PBXNativeTarget section */
		51C2FF6A2463023A00A271F0 /* SwiftUIAirtableDemo */ = {
			isa = PBXNativeTarget;
			buildConfigurationList = 51C2FF7F2463023B00A271F0 /* Build configuration list for PBXNativeTarget "SwiftUIAirtableDemo" */;
			buildPhases = (
				2A46134092672CCEC41FDF4D /* [CP] Check Pods Manifest.lock */,
				51C2FF672463023A00A271F0 /* Sources */,
				51C2FF682463023A00A271F0 /* Frameworks */,
				51C2FF692463023A00A271F0 /* Resources */,
			);
			buildRules = (
			);
			dependencies = (
			);
			name = SwiftUIAirtableDemo;
			productName = SwiftUIAirtableDemo;
			productReference = 51C2FF6B2463023A00A271F0 /* SwiftUIAirtableDemo.app */;
			productType = "com.apple.product-type.application";
		};
/* End PBXNativeTarget section */

/* Begin PBXProject section */
		51C2FF632463023A00A271F0 /* Project object */ = {
			isa = PBXProject;
			attributes = {
				LastSwiftUpdateCheck = 1140;
				LastUpgradeCheck = 1140;
				ORGANIZATIONNAME = "Zack Shapiro";
				TargetAttributes = {
					51C2FF6A2463023A00A271F0 = {
						CreatedOnToolsVersion = 11.4.1;
					};
				};
			};
			buildConfigurationList = 51C2FF662463023A00A271F0 /* Build configuration list for PBXProject "SwiftUIAirtableDemo" */;
			compatibilityVersion = "Xcode 9.3";
			developmentRegion = en;
			hasScannedForEncodings = 0;
			knownRegions = (
				en,
				Base,
			);
			mainGroup = 51C2FF622463023A00A271F0;
			productRefGroup = 51C2FF6C2463023A00A271F0 /* Products */;
			projectDirPath = "";
			projectRoot = "";
			targets = (
				51C2FF6A2463023A00A271F0 /* SwiftUIAirtableDemo */,
			);
		};
/* End PBXProject section */

/* Begin PBXResourcesBuildPhase section */
		51C2FF692463023A00A271F0 /* Resources */ = {
			isa = PBXResourcesBuildPhase;
			buildActionMask = 2147483647;
			files = (
				51C2FF7B2463023B00A271F0 /* LaunchScreen.storyboard in Resources */,
				51C2FF782463023B00A271F0 /* Preview Assets.xcassets in Resources */,
				51C2FF752463023B00A271F0 /* Assets.xcassets in Resources */,
			);
			runOnlyForDeploymentPostprocessing = 0;
		};
/* End PBXResourcesBuildPhase section */

/* Begin PBXShellScriptBuildPhase section */
		2A46134092672CCEC41FDF4D /* [CP] Check Pods Manifest.lock */ = {
			isa = PBXShellScriptBuildPhase;
			buildActionMask = 2147483647;
			files = (
			);
			inputFileListPaths = (
			);
			inputPaths = (
				"${PODS_PODFILE_DIR_PATH}/Podfile.lock",
				"${PODS_ROOT}/Manifest.lock",
			);
			name = "[CP] Check Pods Manifest.lock";
			outputFileListPaths = (
			);
			outputPaths = (
				"$(DERIVED_FILE_DIR)/Pods-SwiftUIAirtableDemo-checkManifestLockResult.txt",
			);
			runOnlyForDeploymentPostprocessing = 0;
			shellPath = /bin/sh;
			shellScript = "diff \"${PODS_PODFILE_DIR_PATH}/Podfile.lock\" \"${PODS_ROOT}/Manifest.lock\" > /dev/null\nif [ $? != 0 ] ; then\n    # print error to STDERR\n    echo \"error: The sandbox is not in sync with the Podfile.lock. Run 'pod install' or update your CocoaPods installation.\" >&2\n    exit 1\nfi\n# This output is used by Xcode 'outputs' to avoid re-running this script phase.\necho \"SUCCESS\" > \"${SCRIPT_OUTPUT_FILE_0}\"\n";
			showEnvVarsInLog = 0;
		};
/* End PBXShellScriptBuildPhase section */

/* Begin PBXSourcesBuildPhase section */
		51C2FF672463023A00A271F0 /* Sources */ = {
			isa = PBXSourcesBuildPhase;
			buildActionMask = 2147483647;
			files = (
				51C2FF84246302A300A271F0 /* Tag.swift in Sources */,
				514DBAE52464767400E9B03F /* SettingsComponent+View.swift in Sources */,
				514DBADF2464754800E9B03F /* HiComponent+View.swift in Sources */,
				51C2FF8D2463085600A271F0 /* DetailView.swift in Sources */,
				51C2FF6F2463023A00A271F0 /* AppDelegate.swift in Sources */,
				51C2FF8F2463086000A271F0 /* AppState.swift in Sources */,
				514DBADB246474FE00E9B03F /* AirtableUIModel.swift in Sources */,
				51C2FF8B246304FE00A271F0 /* AirtableService.swift in Sources */,
				51C2FF712463023A00A271F0 /* SceneDelegate.swift in Sources */,
				51C2FF86246304B800A271F0 /* Content.swift in Sources */,
				51C2FF732463023A00A271F0 /* HomeView.swift in Sources */,
				51C2FF88246304D900A271F0 /* Category.swift in Sources */,
				514DBAE32464760E00E9B03F /* MiddleComponent+View.swift in Sources */,
				514DBADD2464752700E9B03F /* View+Extensions.swift in Sources */,
				514DBAD9246474AC00E9B03F /* UIComponent.swift in Sources */,
				514DBAE1246475BA00E9B03F /* ByeComponent+View.swift in Sources */,
			);
			runOnlyForDeploymentPostprocessing = 0;
		};
/* End PBXSourcesBuildPhase section */

/* Begin PBXVariantGroup section */
		51C2FF792463023B00A271F0 /* LaunchScreen.storyboard */ = {
			isa = PBXVariantGroup;
			children = (
				51C2FF7A2463023B00A271F0 /* Base */,
			);
			name = LaunchScreen.storyboard;
			sourceTree = "<group>";
		};
/* End PBXVariantGroup section */

/* Begin XCBuildConfiguration section */
		51C2FF7D2463023B00A271F0 /* Debug */ = {
			isa = XCBuildConfiguration;
			buildSettings = {
				ALWAYS_SEARCH_USER_PATHS = NO;
				CLANG_ANALYZER_NONNULL = YES;
				CLANG_ANALYZER_NUMBER_OBJECT_CONVERSION = YES_AGGRESSIVE;
				CLANG_CXX_LANGUAGE_STANDARD = "gnu++14";
				CLANG_CXX_LIBRARY = "libc++";
				CLANG_ENABLE_MODULES = YES;
				CLANG_ENABLE_OBJC_ARC = YES;
				CLANG_ENABLE_OBJC_WEAK = YES;
				CLANG_WARN_BLOCK_CAPTURE_AUTORELEASING = YES;
				CLANG_WARN_BOOL_CONVERSION = YES;
				CLANG_WARN_COMMA = YES;
				CLANG_WARN_CONSTANT_CONVERSION = YES;
				CLANG_WARN_DEPRECATED_OBJC_IMPLEMENTATIONS = YES;
				CLANG_WARN_DIRECT_OBJC_ISA_USAGE = YES_ERROR;
				CLANG_WARN_DOCUMENTATION_COMMENTS = YES;
				CLANG_WARN_EMPTY_BODY = YES;
				CLANG_WARN_ENUM_CONVERSION = YES;
				CLANG_WARN_INFINITE_RECURSION = YES;
				CLANG_WARN_INT_CONVERSION = YES;
				CLANG_WARN_NON_LITERAL_NULL_CONVERSION = YES;
				CLANG_WARN_OBJC_IMPLICIT_RETAIN_SELF = YES;
				CLANG_WARN_OBJC_LITERAL_CONVERSION = YES;
				CLANG_WARN_OBJC_ROOT_CLASS = YES_ERROR;
				CLANG_WARN_RANGE_LOOP_ANALYSIS = YES;
				CLANG_WARN_STRICT_PROTOTYPES = YES;
				CLANG_WARN_SUSPICIOUS_MOVE = YES;
				CLANG_WARN_UNGUARDED_AVAILABILITY = YES_AGGRESSIVE;
				CLANG_WARN_UNREACHABLE_CODE = YES;
				CLANG_WARN__DUPLICATE_METHOD_MATCH = YES;
				COPY_PHASE_STRIP = NO;
				DEBUG_INFORMATION_FORMAT = dwarf;
				ENABLE_STRICT_OBJC_MSGSEND = YES;
				ENABLE_TESTABILITY = YES;
				GCC_C_LANGUAGE_STANDARD = gnu11;
				GCC_DYNAMIC_NO_PIC = NO;
				GCC_NO_COMMON_BLOCKS = YES;
				GCC_OPTIMIZATION_LEVEL = 0;
				GCC_PREPROCESSOR_DEFINITIONS = (
					"DEBUG=1",
					"$(inherited)",
				);
				GCC_WARN_64_TO_32_BIT_CONVERSION = YES;
				GCC_WARN_ABOUT_RETURN_TYPE = YES_ERROR;
				GCC_WARN_UNDECLARED_SELECTOR = YES;
				GCC_WARN_UNINITIALIZED_AUTOS = YES_AGGRESSIVE;
				GCC_WARN_UNUSED_FUNCTION = YES;
				GCC_WARN_UNUSED_VARIABLE = YES;
				IPHONEOS_DEPLOYMENT_TARGET = 13.4;
				MTL_ENABLE_DEBUG_INFO = INCLUDE_SOURCE;
				MTL_FAST_MATH = YES;
				ONLY_ACTIVE_ARCH = YES;
				SDKROOT = iphoneos;
				SWIFT_ACTIVE_COMPILATION_CONDITIONS = DEBUG;
				SWIFT_OPTIMIZATION_LEVEL = "-Onone";
			};
			name = Debug;
		};
		51C2FF7E2463023B00A271F0 /* Release */ = {
			isa = XCBuildConfiguration;
			buildSettings = {
				ALWAYS_SEARCH_USER_PATHS = NO;
				CLANG_ANALYZER_NONNULL = YES;
				CLANG_ANALYZER_NUMBER_OBJECT_CONVERSION = YES_AGGRESSIVE;
				CLANG_CXX_LANGUAGE_STANDARD = "gnu++14";
				CLANG_CXX_LIBRARY = "libc++";
				CLANG_ENABLE_MODULES = YES;
				CLANG_ENABLE_OBJC_ARC = YES;
				CLANG_ENABLE_OBJC_WEAK = YES;
				CLANG_WARN_BLOCK_CAPTURE_AUTORELEASING = YES;
				CLANG_WARN_BOOL_CONVERSION = YES;
				CLANG_WARN_COMMA = YES;
				CLANG_WARN_CONSTANT_CONVERSION = YES;
				CLANG_WARN_DEPRECATED_OBJC_IMPLEMENTATIONS = YES;
				CLANG_WARN_DIRECT_OBJC_ISA_USAGE = YES_ERROR;
				CLANG_WARN_DOCUMENTATION_COMMENTS = YES;
				CLANG_WARN_EMPTY_BODY = YES;
				CLANG_WARN_ENUM_CONVERSION = YES;
				CLANG_WARN_INFINITE_RECURSION = YES;
				CLANG_WARN_INT_CONVERSION = YES;
				CLANG_WARN_NON_LITERAL_NULL_CONVERSION = YES;
				CLANG_WARN_OBJC_IMPLICIT_RETAIN_SELF = YES;
				CLANG_WARN_OBJC_LITERAL_CONVERSION = YES;
				CLANG_WARN_OBJC_ROOT_CLASS = YES_ERROR;
				CLANG_WARN_RANGE_LOOP_ANALYSIS = YES;
				CLANG_WARN_STRICT_PROTOTYPES = YES;
				CLANG_WARN_SUSPICIOUS_MOVE = YES;
				CLANG_WARN_UNGUARDED_AVAILABILITY = YES_AGGRESSIVE;
				CLANG_WARN_UNREACHABLE_CODE = YES;
				CLANG_WARN__DUPLICATE_METHOD_MATCH = YES;
				COPY_PHASE_STRIP = NO;
				DEBUG_INFORMATION_FORMAT = "dwarf-with-dsym";
				ENABLE_NS_ASSERTIONS = NO;
				ENABLE_STRICT_OBJC_MSGSEND = YES;
				GCC_C_LANGUAGE_STANDARD = gnu11;
				GCC_NO_COMMON_BLOCKS = YES;
				GCC_WARN_64_TO_32_BIT_CONVERSION = YES;
				GCC_WARN_ABOUT_RETURN_TYPE = YES_ERROR;
				GCC_WARN_UNDECLARED_SELECTOR = YES;
				GCC_WARN_UNINITIALIZED_AUTOS = YES_AGGRESSIVE;
				GCC_WARN_UNUSED_FUNCTION = YES;
				GCC_WARN_UNUSED_VARIABLE = YES;
				IPHONEOS_DEPLOYMENT_TARGET = 13.4;
				MTL_ENABLE_DEBUG_INFO = NO;
				MTL_FAST_MATH = YES;
				SDKROOT = iphoneos;
				SWIFT_COMPILATION_MODE = wholemodule;
				SWIFT_OPTIMIZATION_LEVEL = "-O";
				VALIDATE_PRODUCT = YES;
			};
			name = Release;
		};
		51C2FF802463023B00A271F0 /* Debug */ = {
			isa = XCBuildConfiguration;
			baseConfigurationReference = 9565DF3FE0710D3C9C385AE8 /* Pods-SwiftUIAirtableDemo.debug.xcconfig */;
			buildSettings = {
				ASSETCATALOG_COMPILER_APPICON_NAME = AppIcon;
				CODE_SIGN_STYLE = Automatic;
				DEVELOPMENT_ASSET_PATHS = "\"SwiftUIAirtableDemo/Preview Content\"";
				DEVELOPMENT_TEAM = 7C4ZVLYM2Y;
				ENABLE_PREVIEWS = YES;
				INFOPLIST_FILE = SwiftUIAirtableDemo/Info.plist;
				LD_RUNPATH_SEARCH_PATHS = (
					"$(inherited)",
					"@executable_path/Frameworks",
				);
				PRODUCT_BUNDLE_IDENTIFIER = com.zackshapiro.SwiftUIAirtableDemo;
				PRODUCT_NAME = "$(TARGET_NAME)";
				SWIFT_VERSION = 5.0;
				TARGETED_DEVICE_FAMILY = "1,2";
			};
			name = Debug;
		};
		51C2FF812463023B00A271F0 /* Release */ = {
			isa = XCBuildConfiguration;
			baseConfigurationReference = EE99E053D75A728038B78412 /* Pods-SwiftUIAirtableDemo.release.xcconfig */;
			buildSettings = {
				ASSETCATALOG_COMPILER_APPICON_NAME = AppIcon;
				CODE_SIGN_STYLE = Automatic;
				DEVELOPMENT_ASSET_PATHS = "\"SwiftUIAirtableDemo/Preview Content\"";
				DEVELOPMENT_TEAM = 7C4ZVLYM2Y;
				ENABLE_PREVIEWS = YES;
				INFOPLIST_FILE = SwiftUIAirtableDemo/Info.plist;
				LD_RUNPATH_SEARCH_PATHS = (
					"$(inherited)",
					"@executable_path/Frameworks",
				);
				PRODUCT_BUNDLE_IDENTIFIER = com.zackshapiro.SwiftUIAirtableDemo;
				PRODUCT_NAME = "$(TARGET_NAME)";
				SWIFT_VERSION = 5.0;
				TARGETED_DEVICE_FAMILY = "1,2";
			};
			name = Release;
		};
/* End XCBuildConfiguration section */

/* Begin XCConfigurationList section */
		51C2FF662463023A00A271F0 /* Build configuration list for PBXProject "SwiftUIAirtableDemo" */ = {
			isa = XCConfigurationList;
			buildConfigurations = (
				51C2FF7D2463023B00A271F0 /* Debug */,
				51C2FF7E2463023B00A271F0 /* Release */,
			);
			defaultConfigurationIsVisible = 0;
			defaultConfigurationName = Release;
		};
		51C2FF7F2463023B00A271F0 /* Build configuration list for PBXNativeTarget "SwiftUIAirtableDemo" */ = {
			isa = XCConfigurationList;
			buildConfigurations = (
				51C2FF802463023B00A271F0 /* Debug */,
				51C2FF812463023B00A271F0 /* Release */,
			);
			defaultConfigurationIsVisible = 0;
			defaultConfigurationName = Release;
		};
/* End XCConfigurationList section */
	};
	rootObject = 51C2FF632463023A00A271F0 /* Project object */;
}
